
Microsoft Visual Studio Solution File, Format Version 12.00
# Visual Studio Version 17
VisualStudioVersion = 17.13.35828.75 d17.13
MinimumVisualStudioVersion = 10.0.40219.1
Project("{FAE04EC0-301F-11D3-BF4B-00C04F79EFBC}") = "GestaoDeEquipamentos", "GestaoDeEquipamentos\GestaoDeEquipamentos.csproj", "{B1D96924-C42D-43D8-B4C1-849046E05BF7}"
EndProject
Global
	GlobalSection(SolutionConfigurationPlatforms) = preSolution
		Debug|Any CPU = Debug|Any CPU
		Release|Any CPU = Release|Any CPU
	EndGlobalSection
	GlobalSection(ProjectConfigurationPlatforms) = postSolution
		{B1D96924-C42D-43D8-B4C1-849046E05BF7}.Debug|Any CPU.ActiveCfg = Debug|Any CPU
		{B1D96924-C42D-43D8-B4C1-849046E05BF7}.Debug|Any CPU.Build.0 = Debug|Any CPU
		{B1D96924-C42D-43D8-B4C1-849046E05BF7}.Release|Any CPU.ActiveCfg = Release|Any CPU
		{B1D96924-C42D-43D8-B4C1-849046E05BF7}.Release|Any CPU.Build.0 = Release|Any CPU
	EndGlobalSection
	GlobalSection(SolutionProperties) = preSolution
		HideSolutionNode = FALSE
	EndGlobalSection
	GlobalSection(ExtensibilityGlobals) = postSolution
		SolutionGuid = {B4D57FD0-76C7-4E38-9CE7-56A5A6A5A3D5}
	EndGlobalSection
EndGlobal
