
Microsoft Visual Studio Solution File, Format Version 12.00
# Visual Studio Version 17
VisualStudioVersion = 17.13.35828.75 d17.13
MinimumVisualStudioVersion = 10.0.40219.1
Project("{FAE04EC0-301F-11D3-BF4B-00C04F79EFBC}") = "GestaoDeEquipamentosCorrecao.ConsoleApp", "GestaoDeEquipamentosCorrecao.ConsoleApp\GestaoDeEquipamentosCorrecao.ConsoleApp.csproj", "{88019188-581B-473A-9AF8-72244ACAC0B1}"
EndProject
Global
	GlobalSection(SolutionConfigurationPlatforms) = preSolution
		Debug|Any CPU = Debug|Any CPU
		Release|Any CPU = Release|Any CPU
	EndGlobalSection
	GlobalSection(ProjectConfigurationPlatforms) = postSolution
		{88019188-581B-473A-9AF8-72244ACAC0B1}.Debug|Any CPU.ActiveCfg = Debug|Any CPU
		{88019188-581B-473A-9AF8-72244ACAC0B1}.Debug|Any CPU.Build.0 = Debug|Any CPU
		{88019188-581B-473A-9AF8-72244ACAC0B1}.Release|Any CPU.ActiveCfg = Release|Any CPU
		{88019188-581B-473A-9AF8-72244ACAC0B1}.Release|Any CPU.Build.0 = Release|Any CPU
	EndGlobalSection
	GlobalSection(SolutionProperties) = preSolution
		HideSolutionNode = FALSE
	EndGlobalSection
	GlobalSection(ExtensibilityGlobals) = postSolution
		SolutionGuid = {C2C7A9E4-6B37-440B-B2D1-CDACDAE58471}
	EndGlobalSection
EndGlobal
